
Microsoft Visual Studio Solution File, Format Version 12.00
# Visual Studio Version 17
VisualStudioVersion = 17.10.34928.147
MinimumVisualStudioVersion = 10.0.40219.1
Project("{9A19103F-16F7-4668-BE54-9A1E7A4F7556}") = "KoiCoi.Backend", "KoiCoi.Backend\KoiCoi.Backend.csproj", "{AC8478A5-DE44-4A67-9A44-7B79FA34AC30}"
EndProject
Project("{9A19103F-16F7-4668-BE54-9A1E7A4F7556}") = "KoiCoi.Modules", "KoiCoi.Modules\KoiCoi.Modules.csproj", "{3DED6F6C-4185-4358-97F0-67BA946C1D60}"
EndProject
Project("{2150E333-8FDC-42A3-9474-1A3956D46DE8}") = "Backend", "Backend", "{0F46306C-6876-47E4-AB5B-E136FB14ADFE}"
EndProject
Project("{2150E333-8FDC-42A3-9474-1A3956D46DE8}") = "Modules", "Modules", "{BAAD6152-2F65-4834-9A8B-A908B18025F1}"
EndProject
Project("{2150E333-8FDC-42A3-9474-1A3956D46DE8}") = "Shared", "Shared", "{A7FA401D-2149-4B01-9B28-98F8E6F8B890}"
EndProject
Project("{9A19103F-16F7-4668-BE54-9A1E7A4F7556}") = "KoiCoi.Database", "KoiCoi.Database\KoiCoi.Database.csproj", "{95BB378E-33FB-40F4-B29A-EA42D857EADE}"
EndProject
Project("{9A19103F-16F7-4668-BE54-9A1E7A4F7556}") = "KoiCoi.Mapper", "KoiCoi.Mapper\KoiCoi.Mapper.csproj", "{BEBFB9A0-6051-4757-BFDA-94E6DDF769FA}"
EndProject
Project("{9A19103F-16F7-4668-BE54-9A1E7A4F7556}") = "KoiCoi.Models", "KoiCoi.Models\KoiCoi.Models.csproj", "{72BBF14B-1167-4A72-8758-60E0FAD157C6}"
EndProject
Project("{9A19103F-16F7-4668-BE54-9A1E7A4F7556}") = "KoiCoi.Shared", "KoiCoi.Shared\KoiCoi.Shared.csproj", "{D71DF0F9-97EC-48FF-96D2-B2B1E291B2E8}"
EndProject
Project("{2150E333-8FDC-42A3-9474-1A3956D46DE8}") = "_Documents", "_Documents", "{57E1EEB6-A3B6-43C5-BA2D-EFEC1E6DC7F1}"
	ProjectSection(SolutionItems) = preProject
		README.md = README.md
	EndProjectSection
EndProject
Global
	GlobalSection(SolutionConfigurationPlatforms) = preSolution
		Debug|Any CPU = Debug|Any CPU
		Release|Any CPU = Release|Any CPU
	EndGlobalSection
	GlobalSection(ProjectConfigurationPlatforms) = postSolution
		{AC8478A5-DE44-4A67-9A44-7B79FA34AC30}.Debug|Any CPU.ActiveCfg = Debug|Any CPU
		{AC8478A5-DE44-4A67-9A44-7B79FA34AC30}.Debug|Any CPU.Build.0 = Debug|Any CPU
		{AC8478A5-DE44-4A67-9A44-7B79FA34AC30}.Release|Any CPU.ActiveCfg = Release|Any CPU
		{AC8478A5-DE44-4A67-9A44-7B79FA34AC30}.Release|Any CPU.Build.0 = Release|Any CPU
		{3DED6F6C-4185-4358-97F0-67BA946C1D60}.Debug|Any CPU.ActiveCfg = Debug|Any CPU
		{3DED6F6C-4185-4358-97F0-67BA946C1D60}.Debug|Any CPU.Build.0 = Debug|Any CPU
		{3DED6F6C-4185-4358-97F0-67BA946C1D60}.Release|Any CPU.ActiveCfg = Release|Any CPU
		{3DED6F6C-4185-4358-97F0-67BA946C1D60}.Release|Any CPU.Build.0 = Release|Any CPU
		{95BB378E-33FB-40F4-B29A-EA42D857EADE}.Debug|Any CPU.ActiveCfg = Debug|Any CPU
		{95BB378E-33FB-40F4-B29A-EA42D857EADE}.Debug|Any CPU.Build.0 = Debug|Any CPU
		{95BB378E-33FB-40F4-B29A-EA42D857EADE}.Release|Any CPU.ActiveCfg = Release|Any CPU
		{95BB378E-33FB-40F4-B29A-EA42D857EADE}.Release|Any CPU.Build.0 = Release|Any CPU
		{BEBFB9A0-6051-4757-BFDA-94E6DDF769FA}.Debug|Any CPU.ActiveCfg = Debug|Any CPU
		{BEBFB9A0-6051-4757-BFDA-94E6DDF769FA}.Debug|Any CPU.Build.0 = Debug|Any CPU
		{BEBFB9A0-6051-4757-BFDA-94E6DDF769FA}.Release|Any CPU.ActiveCfg = Release|Any CPU
		{BEBFB9A0-6051-4757-BFDA-94E6DDF769FA}.Release|Any CPU.Build.0 = Release|Any CPU
		{72BBF14B-1167-4A72-8758-60E0FAD157C6}.Debug|Any CPU.ActiveCfg = Debug|Any CPU
		{72BBF14B-1167-4A72-8758-60E0FAD157C6}.Debug|Any CPU.Build.0 = Debug|Any CPU
		{72BBF14B-1167-4A72-8758-60E0FAD157C6}.Release|Any CPU.ActiveCfg = Release|Any CPU
		{72BBF14B-1167-4A72-8758-60E0FAD157C6}.Release|Any CPU.Build.0 = Release|Any CPU
		{D71DF0F9-97EC-48FF-96D2-B2B1E291B2E8}.Debug|Any CPU.ActiveCfg = Debug|Any CPU
		{D71DF0F9-97EC-48FF-96D2-B2B1E291B2E8}.Debug|Any CPU.Build.0 = Debug|Any CPU
		{D71DF0F9-97EC-48FF-96D2-B2B1E291B2E8}.Release|Any CPU.ActiveCfg = Release|Any CPU
		{D71DF0F9-97EC-48FF-96D2-B2B1E291B2E8}.Release|Any CPU.Build.0 = Release|Any CPU
	EndGlobalSection
	GlobalSection(SolutionProperties) = preSolution
		HideSolutionNode = FALSE
	EndGlobalSection
	GlobalSection(NestedProjects) = preSolution
		{AC8478A5-DE44-4A67-9A44-7B79FA34AC30} = {0F46306C-6876-47E4-AB5B-E136FB14ADFE}
		{3DED6F6C-4185-4358-97F0-67BA946C1D60} = {BAAD6152-2F65-4834-9A8B-A908B18025F1}
		{95BB378E-33FB-40F4-B29A-EA42D857EADE} = {A7FA401D-2149-4B01-9B28-98F8E6F8B890}
		{BEBFB9A0-6051-4757-BFDA-94E6DDF769FA} = {A7FA401D-2149-4B01-9B28-98F8E6F8B890}
		{72BBF14B-1167-4A72-8758-60E0FAD157C6} = {A7FA401D-2149-4B01-9B28-98F8E6F8B890}
		{D71DF0F9-97EC-48FF-96D2-B2B1E291B2E8} = {A7FA401D-2149-4B01-9B28-98F8E6F8B890}
	EndGlobalSection
	GlobalSection(ExtensibilityGlobals) = postSolution
		SolutionGuid = {5B6E5B1B-1BF7-4B06-8D91-53AA161CE19A}
	EndGlobalSection
EndGlobal
